
Microsoft Visual Studio Solution File, Format Version 11.00
# Visual Studio 2010
Project("{FAE04EC0-301F-11D3-BF4B-00C04F79EFBC}") = "Statoscope", "Statoscope\Statoscope.csproj", "{F88E847E-001C-4FAF-8E52-6392CE99D1FA}"
EndProject
Global
	GlobalSection(SolutionConfigurationPlatforms) = preSolution
		Debug|x86 = Debug|x86
		Release|x86 = Release|x86
	EndGlobalSection
	GlobalSection(ProjectConfigurationPlatforms) = postSolution
		{F88E847E-001C-4FAF-8E52-6392CE99D1FA}.Debug|x86.ActiveCfg = Debug|x86
		{F88E847E-001C-4FAF-8E52-6392CE99D1FA}.Debug|x86.Build.0 = Debug|x86
		{F88E847E-001C-4FAF-8E52-6392CE99D1FA}.Release|x86.ActiveCfg = Release|x86
		{F88E847E-001C-4FAF-8E52-6392CE99D1FA}.Release|x86.Build.0 = Release|x86
	EndGlobalSection
	GlobalSection(SolutionProperties) = preSolution
		HideSolutionNode = FALSE
	EndGlobalSection
EndGlobal
