
Microsoft Visual Studio Solution File, Format Version 12.00
# Visual Studio 2012
Project("{8BC9CEB8-8B4A-11D0-8D11-00A0C91BC942}") = "crcfix", "crcfix.vcxproj", "{84AEF67E-C4B2-4E6B-A97D-C38F125C3998}"
EndProject
Global
	GlobalSection(SourceCodeControl) = preSolution
		SccNumberOfProjects = 2
		SccLocalPath0 = .
		SccProjectUniqueName1 = crcfix.vcxproj
		SccLocalPath1 = .
	EndGlobalSection
	GlobalSection(SolutionConfigurationPlatforms) = preSolution
		Debug|Win32 = Debug|Win32
		Release|Win32 = Release|Win32
	EndGlobalSection
	GlobalSection(ProjectConfigurationPlatforms) = postSolution
		{84AEF67E-C4B2-4E6B-A97D-C38F125C3998}.Debug|Win32.ActiveCfg = Debug|Win32
		{84AEF67E-C4B2-4E6B-A97D-C38F125C3998}.Debug|Win32.Build.0 = Debug|Win32
		{84AEF67E-C4B2-4E6B-A97D-C38F125C3998}.Release|Win32.ActiveCfg = Release|Win32
		{84AEF67E-C4B2-4E6B-A97D-C38F125C3998}.Release|Win32.Build.0 = Release|Win32
	EndGlobalSection
	GlobalSection(SolutionProperties) = preSolution
		HideSolutionNode = FALSE
	EndGlobalSection
EndGlobal
