
Microsoft Visual Studio Solution File, Format Version 12.00
# Visual Studio 14
VisualStudioVersion = 14.0.25420.1
MinimumVisualStudioVersion = 10.0.40219.1
Project("{888888A0-9F3D-457C-B088-3A5042F75D52}") = "ResourceManagerCommon", "AWS\common-code\ResourceManagerCommon\ResourceManagerCommon.pyproj", "{E72EA18E-CF7A-4E96-991C-CC5FEE9C0968}"
EndProject
Project("{888888A0-9F3D-457C-B088-3A5042F75D52}") = "PlayerAccessTokenExchange", "AWS\lambda-code\PlayerAccessTokenExchange\PlayerAccessTokenExchange.pyproj", "{D3FF16BA-2D0C-4BA2-9DFE-5553FFCE5C69}"
EndProject
Project("{888888A0-9F3D-457C-B088-3A5042F75D52}") = "ProjectResourceHandler", "AWS\lambda-code\ProjectResourceHandler\ProjectResourceHandler.pyproj", "{D21CEDC8-2E89-4022-A59F-D2BC9F9B5F61}"
EndProject
Project("{888888A0-9F3D-457C-B088-3A5042F75D52}") = "ResourceManager", "ResourceManager\resource_manager\ResourceManager.pyproj", "{D35996A8-3647-4DE0-B6C0-733C0D1880B0}"
EndProject
Project("{2150E333-8FDC-42A3-9474-1A3956D46DE8}") = "lambda functions", "lambda functions", "{43E9C74C-83B2-4228-B6E6-032F43A85BE0}"
EndProject
Project("{2150E333-8FDC-42A3-9474-1A3956D46DE8}") = "common code", "common code", "{32B81CA9-0A06-4092-9B7C-4EA9050D6017}"
EndProject
Project("{2150E333-8FDC-42A3-9474-1A3956D46DE8}") = "client tools", "client tools", "{A8E85977-F62E-4C05-AA4C-017D421F0D89}"
EndProject
Project("{888888A0-9F3D-457C-B088-3A5042F75D52}") = "DefaultServiceApiContent", "AWS\resource-manager-code\default-resource-group-content\DefaultServiceApiContent.pyproj", "{90E31989-E21E-4EF5-8C17-8290DAB4431F}"
EndProject
Project("{888888A0-9F3D-457C-B088-3A5042F75D52}") = "ResourceManagerCode", "AWS\resource-manager-code\ResourceManagerCode.pyproj", "{34ACE887-D4EB-4729-9D6F-AD77BF9864DA}"
EndProject
Project("{2150E333-8FDC-42A3-9474-1A3956D46DE8}") = "CloudGemFramework", "CloudGemFramework", "{5903A63E-7338-4391-BB11-18D819A61D01}"
EndProject
Project("{2150E333-8FDC-42A3-9474-1A3956D46DE8}") = "CloudGemDynamicContent", "CloudGemDynamicContent", "{DBB7424B-C27F-4638-9A39-E3A5FE720E7C}"
EndProject
Project("{888888A0-9F3D-457C-B088-3A5042F75D52}") = "CloudGemDynamicContent", "..\..\CloudGemDynamicContent\AWS\CloudGemDynamicContent.pyproj", "{C3013DA8-5AC4-4039-9D94-86E368216454}"
EndProject
Project("{2150E333-8FDC-42A3-9474-1A3956D46DE8}") = "CloudGemPlayerAccount", "CloudGemPlayerAccount", "{0622C386-5B21-411E-B075-382AC581E4BC}"
EndProject
Project("{888888A0-9F3D-457C-B088-3A5042F75D52}") = "CloudGemPlayerAccount", "..\..\CloudGemPlayerAccount\AWS\CloudGemPlayerAccount.pyproj", "{8107FAA1-EF18-4F47-BED3-6FF0AC2B191F}"
EndProject
Project("{2150E333-8FDC-42A3-9474-1A3956D46DE8}") = "lambda functions", "lambda functions", "{881CD034-E49B-4A23-B45A-C7DEBE5BBE1A}"
EndProject
Project("{2150E333-8FDC-42A3-9474-1A3956D46DE8}") = "lambda functions", "lambda functions", "{BFAF302D-4769-4D2C-A431-5DC3DAEE4D39}"
EndProject
Project("{2150E333-8FDC-42A3-9474-1A3956D46DE8}") = "client tools", "client tools", "{3D314891-BAF0-43E4-9823-D7D28850E2CB}"
EndProject
Project("{2150E333-8FDC-42A3-9474-1A3956D46DE8}") = "CloudGemMessageOfTheDay", "CloudGemMessageOfTheDay", "{8FC51680-F8C6-4DAC-A18E-113646B11885}"
EndProject
Project("{888888A0-9F3D-457C-B088-3A5042F75D52}") = "CloudGemMessageOfTheDay", "..\..\CloudGemMessageOfTheDay\AWS\CloudGemMessageOfTheDay.pyproj", "{FC7FCE61-EEB4-46D1-83B8-CA3CEE64AF93}"
EndProject
Project("{2150E333-8FDC-42A3-9474-1A3956D46DE8}") = "lambda functions", "lambda functions", "{CAB57DBC-E2FB-4558-8A99-A97F525C5A30}"
EndProject
Project("{2150E333-8FDC-42A3-9474-1A3956D46DE8}") = "CloudGemLeaderboard", "CloudGemLeaderboard", "{00D5D4CF-CC67-4C44-BAE4-3348D6D3F22D}"
EndProject
Project("{888888A0-9F3D-457C-B088-3A5042F75D52}") = "CloudGemLeaderboard", "..\..\CloudGemLeaderboard\AWS\CloudGemLeaderboard.pyproj", "{F27DB84E-0845-4FC5-B7BE-B0DC5F145963}"
EndProject
Project("{2150E333-8FDC-42A3-9474-1A3956D46DE8}") = "lambda functions", "lambda functions", "{1A512AAE-6F0B-4A7E-8BE6-4D3E545E13ED}"
EndProject
Project("{888888A0-9F3D-457C-B088-3A5042F75D52}") = "ResourceManagerCode", "..\..\CloudGemDynamicContent\AWS\resource-manager-code\ResourceManagerCode.pyproj", "{90A8F6F9-5880-4770-9077-270E85478B85}"
EndProject
Project("{FAE04EC0-301F-11D3-BF4B-00C04F79EFBC}") = "Portal", "Website\CloudGemPortal\Portal.csproj", "{F2217185-B3B4-4F51-8B4C-0E786B657E88}"
EndProject
Project("{888888A0-9F3D-457C-B088-3A5042F75D52}") = "CloudGemFramework", "AWS\CloudGemFramework.pyproj", "{3B763227-6F68-4E11-BD0E-558B9AAAA5F5}"
EndProject
Project("{888888A0-9F3D-457C-B088-3A5042F75D52}") = "Bootstrap", "..\..\..\Tools\lmbr_aws\Bootstrap.pyproj", "{62C6B429-54A0-4EAC-AC6D-B6377930EF83}"
EndProject
Project("{2150E333-8FDC-42A3-9474-1A3956D46DE8}") = "website", "website", "{13DA6D1A-D3A9-430B-A54A-6BE55A9CE302}"
EndProject
Project("{888888A0-9F3D-457C-B088-3A5042F75D52}") = "ServiceLambda", "..\..\CloudGemDynamicContent\AWS\lambda-code\ServiceLambda\ServiceLambda.pyproj", "{08550C32-6CF6-42AA-A9E7-3CAED7DD76C8}"
EndProject
Project("{888888A0-9F3D-457C-B088-3A5042F75D52}") = "RecordSetProcessor", "..\..\CloudGemLeaderboard\AWS\lambda-code\RecordSetProcessor\RecordSetProcessor.pyproj", "{19539D70-1BFB-46AC-86CD-5D0187EFEC70}"
EndProject
Project("{888888A0-9F3D-457C-B088-3A5042F75D52}") = "ServiceLambda", "..\..\CloudGemLeaderboard\AWS\lambda-code\ServiceLambda\ServiceLambda.pyproj", "{1A4C16CA-6229-469B-867D-EAD2E827693A}"
EndProject
Project("{888888A0-9F3D-457C-B088-3A5042F75D52}") = "ServiceLambda", "..\..\CloudGemMessageOfTheDay\AWS\lambda-code\ServiceLambda\ServiceLambda.pyproj", "{F99CD42F-F2F4-4B1A-98D5-667B46D2E2B7}"
EndProject
Project("{888888A0-9F3D-457C-B088-3A5042F75D52}") = "CustomAuthFlowLambda", "..\..\CloudGemPlayerAccount\AWS\lambda-code\CustomAuthFlowLambda\CustomAuthFlowLambda.pyproj", "{EA25DF57-D41D-45AC-B2D5-2D009A69B402}"
EndProject
Project("{888888A0-9F3D-457C-B088-3A5042F75D52}") = "AccountUtils", "..\..\CloudGemPlayerAccount\AWS\common-code\AccountUtils\AccountUtils.pyproj", "{33A73D44-666A-4C0B-AFBD-4BA3E801C0FB}"
EndProject
Project("{888888A0-9F3D-457C-B088-3A5042F75D52}") = "ServiceLambda", "..\..\CloudGemPlayerAccount\AWS\lambda-code\ServiceLambda\ServiceLambda.pyproj", "{52123E63-7667-4A34-8A48-F023A3D564A4}"
EndProject
Project("{2150E333-8FDC-42A3-9474-1A3956D46DE8}") = "common code", "common code", "{D29EE26B-F83B-4E1E-A4D6-33781B05F41F}"
EndProject
Project("{888888A0-9F3D-457C-B088-3A5042F75D52}") = "LambdaSettings", "AWS\common-code\LambdaSettings\LambdaSettings.pyproj", "{DD0D5873-AAF6-44CF-8DE4-E55D2BBD3D75}"
EndProject
Project("{888888A0-9F3D-457C-B088-3A5042F75D52}") = "DefaultLambdaFunctionCode", "ResourceManager\resource_manager\default-lambda-function-code\DefaultLambdaFunctionCode.pyproj", "{3B5F6313-5B4F-4A8D-82D8-30126C5C3189}"
EndProject
Project("{888888A0-9F3D-457C-B088-3A5042F75D52}") = "LambdaService", "AWS\common-code\LambdaService\LambdaService.pyproj", "{F1D10C38-EEA4-48E6-8E01-DED5B550547E}"
EndProject
Project("{888888A0-9F3D-457C-B088-3A5042F75D52}") = "ServiceLambda", "AWS\lambda-code\ServiceLambda\ServiceLambda.pyproj", "{890409F9-5895-4045-9B7C-F96F23E1E2E6}"
EndProject
Project("{888888A0-9F3D-457C-B088-3A5042F75D52}") = "ServiceClient_Python", "AWS\common-code\ServiceClient_Python\ServiceClient_Python.pyproj", "{CCDD88C3-17CC-4B36-A9C1-3BDEF4068576}"
EndProject
Project("{2150E333-8FDC-42A3-9474-1A3956D46DE8}") = "CloudGemTextToSpeech", "CloudGemTextToSpeech", "{3D2815BD-A7B4-4E1A-B2B8-3068B6F9397F}"
EndProject
Project("{888888A0-9F3D-457C-B088-3A5042F75D52}") = "CloudGemPolly", "..\..\CloudGemTextToSpeech\AWS\CloudGemPolly.pyproj", "{C74C7C79-7A8E-426B-83AD-2ECA2835DD27}"
EndProject
Project("{2150E333-8FDC-42A3-9474-1A3956D46DE8}") = "common code", "common code", "{262E4D2A-74C3-4ECE-9E4D-F871EA8515EC}"
EndProject
Project("{888888A0-9F3D-457C-B088-3A5042F75D52}") = "PollyCommon", "..\..\CloudGemTextToSpeech\AWS\common-code\PollyCommon\PollyCommon.pyproj", "{12A6B0E2-4E06-4319-A521-994B8A8677DE}"
EndProject
Project("{2150E333-8FDC-42A3-9474-1A3956D46DE8}") = "lambda code", "lambda code", "{78090C75-1329-4B35-8408-80247328A19F}"
EndProject
Project("{888888A0-9F3D-457C-B088-3A5042F75D52}") = "ServiceLambda", "..\..\CloudGemTextToSpeech\AWS\lambda-code\ServiceLambda\ServiceLambda.pyproj", "{1AC08115-E7B7-4BAF-B38F-602F801621FC}"
EndProject
Project("{888888A0-9F3D-457C-B088-3A5042F75D52}") = "Utils", "AWS\common-code\Utils\Utils.pyproj", "{CE40C839-581F-460A-8E21-22C53C2B7CDB}"
EndProject
Project("{2150E333-8FDC-42A3-9474-1A3956D46DE8}") = "CloudGemMetric", "CloudGemMetric", "{F2EE927E-AE5F-4175-A596-EFBA881F9CE5}"
EndProject
Project("{888888A0-9F3D-457C-B088-3A5042F75D52}") = "CloudGemMetric", "..\..\CloudGemMetric\v1\AWS\CloudGemMetric.pyproj", "{C06682C2-F0E4-46DD-9D4A-82BCFC60CFBA}"
EndProject
Project("{2150E333-8FDC-42A3-9474-1A3956D46DE8}") = "lambda code", "lambda code", "{41381608-D7E6-4B67-B899-A699E09C0B73}"
EndProject
Project("{888888A0-9F3D-457C-B088-3A5042F75D52}") = "ServiceLambda", "..\..\CloudGemMetric\v1\AWS\lambda-code\ServiceLambda.pyproj", "{7B02EF9F-9A3C-4D60-B53B-201796B9646F}"
EndProject
Global
	GlobalSection(SolutionConfigurationPlatforms) = preSolution
		Debug|Any CPU = Debug|Any CPU
		Release|Any CPU = Release|Any CPU
	EndGlobalSection
	GlobalSection(ProjectConfigurationPlatforms) = postSolution
		{E72EA18E-CF7A-4E96-991C-CC5FEE9C0968}.Debug|Any CPU.ActiveCfg = Debug|Any CPU
		{E72EA18E-CF7A-4E96-991C-CC5FEE9C0968}.Release|Any CPU.ActiveCfg = Release|Any CPU
		{D3FF16BA-2D0C-4BA2-9DFE-5553FFCE5C69}.Debug|Any CPU.ActiveCfg = Debug|Any CPU
		{D3FF16BA-2D0C-4BA2-9DFE-5553FFCE5C69}.Release|Any CPU.ActiveCfg = Release|Any CPU
		{D21CEDC8-2E89-4022-A59F-D2BC9F9B5F61}.Debug|Any CPU.ActiveCfg = Debug|Any CPU
		{D21CEDC8-2E89-4022-A59F-D2BC9F9B5F61}.Release|Any CPU.ActiveCfg = Release|Any CPU
		{D35996A8-3647-4DE0-B6C0-733C0D1880B0}.Debug|Any CPU.ActiveCfg = Debug|Any CPU
		{D35996A8-3647-4DE0-B6C0-733C0D1880B0}.Release|Any CPU.ActiveCfg = Release|Any CPU
		{90E31989-E21E-4EF5-8C17-8290DAB4431F}.Debug|Any CPU.ActiveCfg = Debug|Any CPU
		{90E31989-E21E-4EF5-8C17-8290DAB4431F}.Release|Any CPU.ActiveCfg = Release|Any CPU
		{34ACE887-D4EB-4729-9D6F-AD77BF9864DA}.Debug|Any CPU.ActiveCfg = Debug|Any CPU
		{34ACE887-D4EB-4729-9D6F-AD77BF9864DA}.Release|Any CPU.ActiveCfg = Release|Any CPU
		{C3013DA8-5AC4-4039-9D94-86E368216454}.Debug|Any CPU.ActiveCfg = Debug|Any CPU
		{C3013DA8-5AC4-4039-9D94-86E368216454}.Release|Any CPU.ActiveCfg = Release|Any CPU
		{8107FAA1-EF18-4F47-BED3-6FF0AC2B191F}.Debug|Any CPU.ActiveCfg = Debug|Any CPU
		{8107FAA1-EF18-4F47-BED3-6FF0AC2B191F}.Release|Any CPU.ActiveCfg = Release|Any CPU
		{FC7FCE61-EEB4-46D1-83B8-CA3CEE64AF93}.Debug|Any CPU.ActiveCfg = Debug|Any CPU
		{FC7FCE61-EEB4-46D1-83B8-CA3CEE64AF93}.Release|Any CPU.ActiveCfg = Release|Any CPU
		{F27DB84E-0845-4FC5-B7BE-B0DC5F145963}.Debug|Any CPU.ActiveCfg = Debug|Any CPU
		{F27DB84E-0845-4FC5-B7BE-B0DC5F145963}.Release|Any CPU.ActiveCfg = Release|Any CPU
		{90A8F6F9-5880-4770-9077-270E85478B85}.Debug|Any CPU.ActiveCfg = Debug|Any CPU
		{90A8F6F9-5880-4770-9077-270E85478B85}.Release|Any CPU.ActiveCfg = Release|Any CPU
		{F2217185-B3B4-4F51-8B4C-0E786B657E88}.Debug|Any CPU.ActiveCfg = Debug|Any CPU
		{F2217185-B3B4-4F51-8B4C-0E786B657E88}.Debug|Any CPU.Build.0 = Debug|Any CPU
		{F2217185-B3B4-4F51-8B4C-0E786B657E88}.Release|Any CPU.ActiveCfg = Release|Any CPU
		{F2217185-B3B4-4F51-8B4C-0E786B657E88}.Release|Any CPU.Build.0 = Release|Any CPU
		{3B763227-6F68-4E11-BD0E-558B9AAAA5F5}.Debug|Any CPU.ActiveCfg = Debug|Any CPU
		{3B763227-6F68-4E11-BD0E-558B9AAAA5F5}.Release|Any CPU.ActiveCfg = Release|Any CPU
		{62C6B429-54A0-4EAC-AC6D-B6377930EF83}.Debug|Any CPU.ActiveCfg = Debug|Any CPU
		{62C6B429-54A0-4EAC-AC6D-B6377930EF83}.Release|Any CPU.ActiveCfg = Release|Any CPU
		{08550C32-6CF6-42AA-A9E7-3CAED7DD76C8}.Debug|Any CPU.ActiveCfg = Debug|Any CPU
		{08550C32-6CF6-42AA-A9E7-3CAED7DD76C8}.Release|Any CPU.ActiveCfg = Release|Any CPU
		{19539D70-1BFB-46AC-86CD-5D0187EFEC70}.Debug|Any CPU.ActiveCfg = Debug|Any CPU
		{19539D70-1BFB-46AC-86CD-5D0187EFEC70}.Release|Any CPU.ActiveCfg = Release|Any CPU
		{1A4C16CA-6229-469B-867D-EAD2E827693A}.Debug|Any CPU.ActiveCfg = Debug|Any CPU
		{1A4C16CA-6229-469B-867D-EAD2E827693A}.Release|Any CPU.ActiveCfg = Release|Any CPU
		{F99CD42F-F2F4-4B1A-98D5-667B46D2E2B7}.Debug|Any CPU.ActiveCfg = Debug|Any CPU
		{F99CD42F-F2F4-4B1A-98D5-667B46D2E2B7}.Release|Any CPU.ActiveCfg = Release|Any CPU
		{EA25DF57-D41D-45AC-B2D5-2D009A69B402}.Debug|Any CPU.ActiveCfg = Debug|Any CPU
		{EA25DF57-D41D-45AC-B2D5-2D009A69B402}.Release|Any CPU.ActiveCfg = Release|Any CPU
		{33A73D44-666A-4C0B-AFBD-4BA3E801C0FB}.Debug|Any CPU.ActiveCfg = Debug|Any CPU
		{33A73D44-666A-4C0B-AFBD-4BA3E801C0FB}.Release|Any CPU.ActiveCfg = Release|Any CPU
		{52123E63-7667-4A34-8A48-F023A3D564A4}.Debug|Any CPU.ActiveCfg = Debug|Any CPU
		{52123E63-7667-4A34-8A48-F023A3D564A4}.Release|Any CPU.ActiveCfg = Release|Any CPU
		{DD0D5873-AAF6-44CF-8DE4-E55D2BBD3D75}.Debug|Any CPU.ActiveCfg = Debug|Any CPU
		{DD0D5873-AAF6-44CF-8DE4-E55D2BBD3D75}.Release|Any CPU.ActiveCfg = Release|Any CPU
		{3B5F6313-5B4F-4A8D-82D8-30126C5C3189}.Debug|Any CPU.ActiveCfg = Debug|Any CPU
		{3B5F6313-5B4F-4A8D-82D8-30126C5C3189}.Release|Any CPU.ActiveCfg = Release|Any CPU
		{F1D10C38-EEA4-48E6-8E01-DED5B550547E}.Debug|Any CPU.ActiveCfg = Debug|Any CPU
		{F1D10C38-EEA4-48E6-8E01-DED5B550547E}.Release|Any CPU.ActiveCfg = Release|Any CPU
		{890409F9-5895-4045-9B7C-F96F23E1E2E6}.Debug|Any CPU.ActiveCfg = Debug|Any CPU
		{890409F9-5895-4045-9B7C-F96F23E1E2E6}.Release|Any CPU.ActiveCfg = Release|Any CPU
		{CCDD88C3-17CC-4B36-A9C1-3BDEF4068576}.Debug|Any CPU.ActiveCfg = Debug|Any CPU
		{CCDD88C3-17CC-4B36-A9C1-3BDEF4068576}.Release|Any CPU.ActiveCfg = Release|Any CPU
		{C74C7C79-7A8E-426B-83AD-2ECA2835DD27}.Debug|Any CPU.ActiveCfg = Debug|Any CPU
		{C74C7C79-7A8E-426B-83AD-2ECA2835DD27}.Release|Any CPU.ActiveCfg = Release|Any CPU
		{12A6B0E2-4E06-4319-A521-994B8A8677DE}.Debug|Any CPU.ActiveCfg = Debug|Any CPU
		{12A6B0E2-4E06-4319-A521-994B8A8677DE}.Release|Any CPU.ActiveCfg = Release|Any CPU
		{1AC08115-E7B7-4BAF-B38F-602F801621FC}.Debug|Any CPU.ActiveCfg = Debug|Any CPU
		{1AC08115-E7B7-4BAF-B38F-602F801621FC}.Release|Any CPU.ActiveCfg = Release|Any CPU
		{CE40C839-581F-460A-8E21-22C53C2B7CDB}.Debug|Any CPU.ActiveCfg = Debug|Any CPU
		{CE40C839-581F-460A-8E21-22C53C2B7CDB}.Release|Any CPU.ActiveCfg = Release|Any CPU
		{C06682C2-F0E4-46DD-9D4A-82BCFC60CFBA}.Debug|Any CPU.ActiveCfg = Debug|Any CPU
		{C06682C2-F0E4-46DD-9D4A-82BCFC60CFBA}.Release|Any CPU.ActiveCfg = Release|Any CPU
		{7B02EF9F-9A3C-4D60-B53B-201796B9646F}.Debug|Any CPU.ActiveCfg = Debug|Any CPU
		{7B02EF9F-9A3C-4D60-B53B-201796B9646F}.Release|Any CPU.ActiveCfg = Release|Any CPU
	EndGlobalSection
	GlobalSection(SolutionProperties) = preSolution
		HideSolutionNode = FALSE
	EndGlobalSection
	GlobalSection(NestedProjects) = preSolution
		{E72EA18E-CF7A-4E96-991C-CC5FEE9C0968} = {32B81CA9-0A06-4092-9B7C-4EA9050D6017}
		{D3FF16BA-2D0C-4BA2-9DFE-5553FFCE5C69} = {43E9C74C-83B2-4228-B6E6-032F43A85BE0}
		{D21CEDC8-2E89-4022-A59F-D2BC9F9B5F61} = {43E9C74C-83B2-4228-B6E6-032F43A85BE0}
		{D35996A8-3647-4DE0-B6C0-733C0D1880B0} = {A8E85977-F62E-4C05-AA4C-017D421F0D89}
		{43E9C74C-83B2-4228-B6E6-032F43A85BE0} = {5903A63E-7338-4391-BB11-18D819A61D01}
		{32B81CA9-0A06-4092-9B7C-4EA9050D6017} = {5903A63E-7338-4391-BB11-18D819A61D01}
		{A8E85977-F62E-4C05-AA4C-017D421F0D89} = {5903A63E-7338-4391-BB11-18D819A61D01}
		{90E31989-E21E-4EF5-8C17-8290DAB4431F} = {A8E85977-F62E-4C05-AA4C-017D421F0D89}
		{34ACE887-D4EB-4729-9D6F-AD77BF9864DA} = {A8E85977-F62E-4C05-AA4C-017D421F0D89}
		{C3013DA8-5AC4-4039-9D94-86E368216454} = {DBB7424B-C27F-4638-9A39-E3A5FE720E7C}
		{8107FAA1-EF18-4F47-BED3-6FF0AC2B191F} = {0622C386-5B21-411E-B075-382AC581E4BC}
		{881CD034-E49B-4A23-B45A-C7DEBE5BBE1A} = {0622C386-5B21-411E-B075-382AC581E4BC}
		{BFAF302D-4769-4D2C-A431-5DC3DAEE4D39} = {DBB7424B-C27F-4638-9A39-E3A5FE720E7C}
		{3D314891-BAF0-43E4-9823-D7D28850E2CB} = {DBB7424B-C27F-4638-9A39-E3A5FE720E7C}
		{FC7FCE61-EEB4-46D1-83B8-CA3CEE64AF93} = {8FC51680-F8C6-4DAC-A18E-113646B11885}
		{CAB57DBC-E2FB-4558-8A99-A97F525C5A30} = {8FC51680-F8C6-4DAC-A18E-113646B11885}
		{F27DB84E-0845-4FC5-B7BE-B0DC5F145963} = {00D5D4CF-CC67-4C44-BAE4-3348D6D3F22D}
		{1A512AAE-6F0B-4A7E-8BE6-4D3E545E13ED} = {00D5D4CF-CC67-4C44-BAE4-3348D6D3F22D}
		{90A8F6F9-5880-4770-9077-270E85478B85} = {3D314891-BAF0-43E4-9823-D7D28850E2CB}
		{F2217185-B3B4-4F51-8B4C-0E786B657E88} = {13DA6D1A-D3A9-430B-A54A-6BE55A9CE302}
		{3B763227-6F68-4E11-BD0E-558B9AAAA5F5} = {5903A63E-7338-4391-BB11-18D819A61D01}
		{13DA6D1A-D3A9-430B-A54A-6BE55A9CE302} = {5903A63E-7338-4391-BB11-18D819A61D01}
		{08550C32-6CF6-42AA-A9E7-3CAED7DD76C8} = {BFAF302D-4769-4D2C-A431-5DC3DAEE4D39}
		{19539D70-1BFB-46AC-86CD-5D0187EFEC70} = {1A512AAE-6F0B-4A7E-8BE6-4D3E545E13ED}
		{1A4C16CA-6229-469B-867D-EAD2E827693A} = {1A512AAE-6F0B-4A7E-8BE6-4D3E545E13ED}
		{F99CD42F-F2F4-4B1A-98D5-667B46D2E2B7} = {CAB57DBC-E2FB-4558-8A99-A97F525C5A30}
		{EA25DF57-D41D-45AC-B2D5-2D009A69B402} = {881CD034-E49B-4A23-B45A-C7DEBE5BBE1A}
		{33A73D44-666A-4C0B-AFBD-4BA3E801C0FB} = {D29EE26B-F83B-4E1E-A4D6-33781B05F41F}
		{52123E63-7667-4A34-8A48-F023A3D564A4} = {881CD034-E49B-4A23-B45A-C7DEBE5BBE1A}
		{D29EE26B-F83B-4E1E-A4D6-33781B05F41F} = {0622C386-5B21-411E-B075-382AC581E4BC}
		{DD0D5873-AAF6-44CF-8DE4-E55D2BBD3D75} = {32B81CA9-0A06-4092-9B7C-4EA9050D6017}
		{3B5F6313-5B4F-4A8D-82D8-30126C5C3189} = {A8E85977-F62E-4C05-AA4C-017D421F0D89}
		{F1D10C38-EEA4-48E6-8E01-DED5B550547E} = {32B81CA9-0A06-4092-9B7C-4EA9050D6017}
		{890409F9-5895-4045-9B7C-F96F23E1E2E6} = {43E9C74C-83B2-4228-B6E6-032F43A85BE0}
		{CCDD88C3-17CC-4B36-A9C1-3BDEF4068576} = {32B81CA9-0A06-4092-9B7C-4EA9050D6017}
		{C74C7C79-7A8E-426B-83AD-2ECA2835DD27} = {3D2815BD-A7B4-4E1A-B2B8-3068B6F9397F}
		{262E4D2A-74C3-4ECE-9E4D-F871EA8515EC} = {3D2815BD-A7B4-4E1A-B2B8-3068B6F9397F}
		{12A6B0E2-4E06-4319-A521-994B8A8677DE} = {262E4D2A-74C3-4ECE-9E4D-F871EA8515EC}
		{78090C75-1329-4B35-8408-80247328A19F} = {3D2815BD-A7B4-4E1A-B2B8-3068B6F9397F}
		{1AC08115-E7B7-4BAF-B38F-602F801621FC} = {78090C75-1329-4B35-8408-80247328A19F}
		{CE40C839-581F-460A-8E21-22C53C2B7CDB} = {32B81CA9-0A06-4092-9B7C-4EA9050D6017}
		{C06682C2-F0E4-46DD-9D4A-82BCFC60CFBA} = {F2EE927E-AE5F-4175-A596-EFBA881F9CE5}
		{41381608-D7E6-4B67-B899-A699E09C0B73} = {F2EE927E-AE5F-4175-A596-EFBA881F9CE5}
		{7B02EF9F-9A3C-4D60-B53B-201796B9646F} = {41381608-D7E6-4B67-B899-A699E09C0B73}
	EndGlobalSection
EndGlobal
