<?xml version="1.0" encoding="utf-8"?>
<Project ToolsVersion="4.0" xmlns="http://schemas.microsoft.com/developer/msbuild/2003">
  <ItemGroup>
    <Filter Include="CryFX">
      <UniqueIdentifier>{e8179604-6fa8-498d-9b22-3bcd42f4526e}</UniqueIdentifier>
    </Filter>
    <Filter Include="CryFX\Include">
      <UniqueIdentifier>{47f85917-dde9-4704-bef0-a027ee9f43f8}</UniqueIdentifier>
    </Filter>
    <Filter Include="CryFX\Include\CommonPasses">
      <UniqueIdentifier>{ca5a4a43-bb0c-4a8a-a767-107cceeae9b8}</UniqueIdentifier>
    </Filter>
    <Filter Include="CryFX\Extensions">
      <UniqueIdentifier>{ac03e015-9798-4344-8a6f-6b2beaeca11a}</UniqueIdentifier>
    </Filter>
    <Filter Include="CryFX\Shadows">
      <UniqueIdentifier>{cda38e4d-4122-456a-8219-0326b65b8d6f}</UniqueIdentifier>
    </Filter>
    <Filter Include="CryFX\Shadows\Include">
      <UniqueIdentifier>{1139d50f-af7f-4a55-afdc-992fa98ed9bf}</UniqueIdentifier>
    </Filter>
    <Filter Include="CryFX\Particles">
      <UniqueIdentifier>{d826c18d-b6b7-4e93-a9b2-15fe577fe6d7}</UniqueIdentifier>
    </Filter>
    <Filter Include="CryFX\Particles\Include">
      <UniqueIdentifier>{0273e592-056f-4f54-9a40-a816e3d65958}</UniqueIdentifier>
    </Filter>
    <Filter Include="CryFX\Effects">
      <UniqueIdentifier>{6967815f-0f4e-47be-8aa2-6d8a8f6e1dc3}</UniqueIdentifier>
    </Filter>
    <Filter Include="CryFX\ForwardShading">
      <UniqueIdentifier>{149ee8e0-d5be-43b8-957f-503b674a573d}</UniqueIdentifier>
    </Filter>
    <Filter Include="CryFX\ForwardShading\Include">
      <UniqueIdentifier>{b88b7098-bde9-418a-88ba-05654ffc7c40}</UniqueIdentifier>
    </Filter>
    <Filter Include="CryFX\ForwardShading\Validations">
      <UniqueIdentifier>{6aaf5328-92c5-4776-901f-3520a853ee0d}</UniqueIdentifier>
    </Filter>
    <Filter Include="CryFX\Misc">
      <UniqueIdentifier>{7ca4946d-680e-4975-b9a2-8169280400f0}</UniqueIdentifier>
    </Filter>
    <Filter Include="CryFX\Deferred">
      <UniqueIdentifier>{60effba1-c4ad-452c-959b-0bdd2518f1c4}</UniqueIdentifier>
    </Filter>
    <Filter Include="CryFX\PostProcess">
      <UniqueIdentifier>{64b1d701-6135-488b-a826-099960a5e62e}</UniqueIdentifier>
    </Filter>
    <Filter Include="CryFX\PostProcess\Include">
      <UniqueIdentifier>{22ea933a-6ac3-4ea6-bc44-64c7ace5e9df}</UniqueIdentifier>
    </Filter>
    <Filter Include="CryFX\Effects\Water">
      <UniqueIdentifier>{e2ca633d-a01d-4be2-b711-9b87f9e2bc2e}</UniqueIdentifier>
    </Filter>
    <Filter Include="CryFX\Effects\Atmospheric">
      <UniqueIdentifier>{693b724e-f586-40d7-97a5-900cc80e7158}</UniqueIdentifier>
    </Filter>
    <Filter Include="CryFX\Effects\Game">
      <UniqueIdentifier>{895c07d5-cdb7-45eb-bcf0-0709a2475285}</UniqueIdentifier>
    </Filter>
    <Filter Include="CryFX\Effects\Optic">
      <UniqueIdentifier>{7d1d69bf-2a0d-493b-ba09-26dcab33e3a2}</UniqueIdentifier>
    </Filter>
    <Filter Include="CryFX\ForwardShading\Deprecated">
      <UniqueIdentifier>{c4462802-d727-4302-8d77-7673d814b314}</UniqueIdentifier>
    </Filter>
    <Filter Include="CryFX\Particles\GPU">
      <UniqueIdentifier>{9f40ba6b-6e34-44db-b1a0-beea16ebaa80}</UniqueIdentifier>
    </Filter>
  </ItemGroup>
  <ItemGroup>
    <None Include="CryFX\Common.cfi">
      <Filter>CryFX\Include</Filter>
    </None>
    <None Include="CryFX\FXConstantDefs.cfi">
      <Filter>CryFX\Include</Filter>
    </None>
    <None Include="CryFX\FXSamplerDefs.cfi">
      <Filter>CryFX\Include</Filter>
    </None>
    <None Include="CryFX\FXStreamDefs.cfi">
      <Filter>CryFX\Include</Filter>
    </None>
    <None Include="CryFX\ModificatorTC.cfi">
      <Filter>CryFX\Include</Filter>
    </None>
    <None Include="CryFX\ModificatorVT.cfi">
      <Filter>CryFX\Include</Filter>
    </None>
    <None Include="CryFX\ShadeLib.cfi">
      <Filter>CryFX\Include</Filter>
    </None>
    <None Include="CryFX\VolumetricFog.cfi">
      <Filter>CryFX\Include</Filter>
    </None>
    <None Include="CryFX\CommonCausticsPass.cfi">
      <Filter>CryFX\Include\CommonPasses</Filter>
    </None>
    <None Include="CryFX\CommonDebugPass.cfi">
      <Filter>CryFX\Include\CommonPasses</Filter>
    </None>
    <None Include="CryFX\CommonEffectLayerPass.cfi">
      <Filter>CryFX\Include\CommonPasses</Filter>
    </None>
    <None Include="CryFX\CommonGlowPass.cfi">
      <Filter>CryFX\Include\CommonPasses</Filter>
    </None>
    <None Include="CryFX\CommonMotionBlurPass.cfi">
      <Filter>CryFX\Include\CommonPasses</Filter>
    </None>
    <None Include="CryFX\CommonViewsPass.cfi">
      <Filter>CryFX\Include\CommonPasses</Filter>
    </None>
    <None Include="CryFX\CommonZPass.cfi">
      <Filter>CryFX\Include\CommonPasses</Filter>
    </None>
    <None Include="..\DeferredCaustics.ext">
      <Filter>CryFX\Extensions</Filter>
    </None>
    <None Include="..\DeferredShading.ext">
      <Filter>CryFX\Extensions</Filter>
    </None>
    <None Include="..\DepthOfField.ext">
      <Filter>CryFX\Extensions</Filter>
    </None>
    <None Include="..\Eye.ext">
      <Filter>CryFX\Extensions</Filter>
    </None>
    <None Include="..\Glass.ext">
      <Filter>CryFX\Extensions</Filter>
    </None>
    <None Include="..\Hair.ext">
      <Filter>CryFX\Extensions</Filter>
    </None>
    <None Include="..\HDRPostProcess.ext">
      <Filter>CryFX\Extensions</Filter>
    </None>
    <None Include="..\HumanSkin.ext">
      <Filter>CryFX\Extensions</Filter>
    </None>
    <None Include="..\Illum.ext">
      <Filter>CryFX\Extensions</Filter>
    </None>
    <None Include="..\LightBeam.ext">
      <Filter>CryFX\Extensions</Filter>
    </None>
    <None Include="..\MotionBlur.ext">
      <Filter>CryFX\Extensions</Filter>
    </None>
    <None Include="..\Particles.ext">
      <Filter>CryFX\Extensions</Filter>
    </None>
    <None Include="..\Ping.ext">
      <Filter>CryFX\Extensions</Filter>
    </None>
    <None Include="..\PostEffects.ext">
      <Filter>CryFX\Extensions</Filter>
    </None>
    <None Include="..\RunTime.ext">
      <Filter>CryFX\Extensions</Filter>
    </None>
    <None Include="..\Scopes.ext">
      <Filter>CryFX\Extensions</Filter>
    </None>
    <None Include="..\ShadowMaskGen.ext">
      <Filter>CryFX\Extensions</Filter>
    </None>
    <None Include="..\SkyHDR.ext">
      <Filter>CryFX\Extensions</Filter>
    </None>
    <None Include="..\Terrain.ext">
      <Filter>CryFX\Extensions</Filter>
    </None>
    <None Include="..\Vegetation.ext">
      <Filter>CryFX\Extensions</Filter>
    </None>
    <None Include="..\VolumeObject.ext">
      <Filter>CryFX\Extensions</Filter>
    </None>
    <None Include="..\VoxTerrain.ext">
      <Filter>CryFX\Extensions</Filter>
    </None>
    <None Include="..\Water.ext">
      <Filter>CryFX\Extensions</Filter>
    </None>
    <None Include="..\Waterfall.ext">
      <Filter>CryFX\Extensions</Filter>
    </None>
    <None Include="CryFX\ShadowBlur.cfx">
      <Filter>CryFX\Shadows</Filter>
    </None>
    <None Include="CryFX\ShadowMaskGen.cfx">
      <Filter>CryFX\Shadows</Filter>
    </None>
    <None Include="CryFX\CommonShadowGenPass.cfi">
      <Filter>CryFX\Shadows\Include</Filter>
    </None>
    <None Include="CryFX\DeferredShadows.cfi">
      <Filter>CryFX\Shadows\Include</Filter>
    </None>
    <None Include="CryFX\ShadowCommon.cfi">
      <Filter>CryFX\Shadows\Include</Filter>
    </None>
    <None Include="CryFX\FX_VelocityBeamParticles.cfx">
      <Filter>CryFX\Particles</Filter>
    </None>
    <None Include="CryFX\Particles.cfx">
      <Filter>CryFX\Particles</Filter>
    </None>
    <None Include="CryFX\ParticlesNoMat.cfx">
      <Filter>CryFX\Particles</Filter>
    </None>
    <None Include="CryFX\ParticlesSimple.cfx">
      <Filter>CryFX\Particles</Filter>
    </None>
    <None Include="CryFX\Particles.cfi">
      <Filter>CryFX\Particles\Include</Filter>
    </None>
    <None Include="CryFX\ParticleVT.cfi">
      <Filter>CryFX\Particles\Include</Filter>
    </None>
    <None Include="CryFX\Eye.cfx">
      <Filter>CryFX\ForwardShading</Filter>
    </None>
    <None Include="CryFX\FarTreeSprites.cfx">
      <Filter>CryFX\ForwardShading</Filter>
    </None>
    <None Include="CryFX\Glass.cfx">
      <Filter>CryFX\ForwardShading</Filter>
    </None>
    <None Include="CryFX\Hair.cfx">
      <Filter>CryFX\ForwardShading</Filter>
    </None>
    <None Include="CryFX\HumanSkin.cfx">
      <Filter>CryFX\ForwardShading</Filter>
    </None>
    <None Include="CryFX\Illum.cfx">
      <Filter>CryFX\ForwardShading</Filter>
    </None>
    <None Include="CryFX\Terrain.cfx">
      <Filter>CryFX\ForwardShading</Filter>
    </None>
    <None Include="CryFX\Vegetation.cfx">
      <Filter>CryFX\ForwardShading</Filter>
    </None>
    <None Include="CryFX\fragLib.cfi">
      <Filter>CryFX\ForwardShading\Include</Filter>
    </None>
    <None Include="CryFX\vertexLib.cfi">
      <Filter>CryFX\ForwardShading\Include</Filter>
    </None>
    <None Include="CryFX\HumanSkinValidations.cfi">
      <Filter>CryFX\ForwardShading\Validations</Filter>
    </None>
    <None Include="CryFX\IllumValidations.cfi">
      <Filter>CryFX\ForwardShading\Validations</Filter>
    </None>
    <None Include="CryFX\TerrainValidations.cfi">
      <Filter>CryFX\ForwardShading\Validations</Filter>
    </None>
    <None Include="CryFX\VegetationValidations.cfi">
      <Filter>CryFX\ForwardShading\Validations</Filter>
    </None>
    <None Include="CryFX\AuxGeom.cfx">
      <Filter>CryFX\Misc</Filter>
    </None>
    <None Include="CryFX\Debug.cfx">
      <Filter>CryFX\Misc</Filter>
    </None>
    <None Include="CryFX\DebugLight.cfx">
      <Filter>CryFX\Misc</Filter>
    </None>
    <None Include="CryFX\DXTCompress.cfx">
      <Filter>CryFX\Misc</Filter>
    </None>
    <None Include="CryFX\FallBack.cfx">
      <Filter>CryFX\Misc</Filter>
    </None>
    <None Include="CryFX\FixedPipelineEmu.cfx">
      <Filter>CryFX\Misc</Filter>
    </None>
    <None Include="CryFX\Helper.cfx">
      <Filter>CryFX\Misc</Filter>
    </None>
    <None Include="CryFX\NoDraw.cfx">
      <Filter>CryFX\Misc</Filter>
    </None>
    <None Include="CryFX\OcclusionTest.cfx">
      <Filter>CryFX\Misc</Filter>
    </None>
    <None Include="CryFX\ReferenceImage.cfx">
      <Filter>CryFX\Misc</Filter>
    </None>
    <None Include="CryFX\DeferredCaustics.cfx">
      <Filter>CryFX\Deferred</Filter>
    </None>
    <None Include="CryFX\DeferredRain.cfx">
      <Filter>CryFX\Deferred</Filter>
    </None>
    <None Include="CryFX\DeferredShading.cfx">
      <Filter>CryFX\Deferred</Filter>
    </None>
    <None Include="CryFX\DepthOfField.cfx">
      <Filter>CryFX\PostProcess</Filter>
    </None>
    <None Include="CryFX\HDRPostProcess.cfx">
      <Filter>CryFX\PostProcess</Filter>
    </None>
    <None Include="CryFX\Hud3D.cfx">
      <Filter>CryFX\PostProcess</Filter>
    </None>
    <None Include="CryFX\MotionBlur.cfx">
      <Filter>CryFX\PostProcess</Filter>
    </None>
    <None Include="CryFX\PostAA.cfx">
      <Filter>CryFX\PostProcess</Filter>
    </None>
    <None Include="CryFX\PostEffects.cfx">
      <Filter>CryFX\PostProcess</Filter>
    </None>
    <None Include="CryFX\PostEffectsGame.cfx">
      <Filter>CryFX\PostProcess</Filter>
    </None>
    <None Include="CryFX\Stereo.cfx">
      <Filter>CryFX\PostProcess</Filter>
    </None>
    <None Include="CryFX\Sunshafts.cfx">
      <Filter>CryFX\PostProcess</Filter>
    </None>
    <None Include="CryFX\PostEffectsLib.cfi">
      <Filter>CryFX\PostProcess\Include</Filter>
    </None>
    <None Include="..\ShaderProfiles.txt" />
    <None Include="CryFX\CommonMotionBlurPassTess.cfi">
      <Filter>CryFX\Include\CommonPasses</Filter>
    </None>
    <None Include="CryFX\CommonShadowGenPassTess.cfi">
      <Filter>CryFX\Include\CommonPasses</Filter>
    </None>
    <None Include="CryFX\CommonTessellation.cfi">
      <Filter>CryFX\Include\CommonPasses</Filter>
    </None>
    <None Include="CryFX\CommonZPassTess.cfi">
      <Filter>CryFX\Include\CommonPasses</Filter>
    </None>
    <None Include="CryFX\HumanSkinTess.cfi">
      <Filter>CryFX\ForwardShading\Include</Filter>
    </None>
    <None Include="CryFX\IllumTess.cfi">
      <Filter>CryFX\ForwardShading\Include</Filter>
    </None>
    <None Include="CryFX\SoftOcclusionQuery.cfx">
      <Filter>CryFX\Misc</Filter>
    </None>
    <None Include="CryFX\Water.cfx">
      <Filter>CryFX\Effects\Water</Filter>
    </None>
    <None Include="CryFX\WaterOceanBottom.cfx">
      <Filter>CryFX\Effects\Water</Filter>
    </None>
    <None Include="CryFX\Waterfall.cfx">
      <Filter>CryFX\Effects\Water</Filter>
    </None>
    <None Include="CryFX\VolumeObject.cfx">
      <Filter>CryFX\Effects\Atmospheric</Filter>
    </None>
    <None Include="CryFX\Stars.cfx">
      <Filter>CryFX\Effects\Atmospheric</Filter>
    </None>
    <None Include="CryFX\SkyHDR.cfx">
      <Filter>CryFX\Effects\Atmospheric</Filter>
    </None>
    <None Include="CryFX\Sky.cfx">
      <Filter>CryFX\Effects\Atmospheric</Filter>
    </None>
    <None Include="CryFX\DistanceClouds.cfx">
      <Filter>CryFX\Effects\Atmospheric</Filter>
    </None>
    <None Include="CryFX\Common.cfx">
      <Filter>CryFX\Effects\Atmospheric</Filter>
    </None>
    <None Include="CryFX\Clouds.cfx">
      <Filter>CryFX\Effects\Atmospheric</Filter>
    </None>
    <None Include="CryFX\WaterFogVolume.cfx">
      <Filter>CryFX\Effects\Water</Filter>
    </None>
    <None Include="CryFX\FogVolume.cfx">
      <Filter>CryFX\Effects\Atmospheric</Filter>
    </None>
    <None Include="CryFX\LightBeam.cfx">
      <Filter>CryFX\Effects\Atmospheric</Filter>
    </None>
    <None Include="CryFX\TemplBeamProc.cfx">
      <Filter>CryFX\Effects\Atmospheric</Filter>
    </None>
    <None Include="CryFX\Scopes.cfx">
      <Filter>CryFX\Effects\Game</Filter>
    </None>
    <None Include="CryFX\Monitor.cfx">
      <Filter>CryFX\Effects\Game</Filter>
    </None>
    <None Include="CryFX\LensOptics.cfx">
      <Filter>CryFX\Effects\Optic</Filter>
    </None>
    <None Include="CryFX\Light.cfx">
      <Filter>CryFX\Effects\Optic</Filter>
    </None>
    <None Include="..\WaterVolume.ext">
      <Filter>CryFX\Extensions</Filter>
    </None>
    <None Include="CryFX\VegetationTess.cfi">
      <Filter>CryFX\ForwardShading\Include</Filter>
    </None>
    <None Include="CryFX\WaterVolume.cfx">
      <Filter>CryFX\Effects\Water</Filter>
    </None>
    <None Include="CryFX\GeometryBeam.cfx">
      <Filter>CryFX\Effects\Atmospheric</Filter>
    </None>
    <None Include="..\Monitor.ext">
      <Filter>CryFX\Extensions</Filter>
    </None>
    <None Include="CryFX\WaterReflectionsPass.cfi">
      <Filter>CryFX\Effects\Water</Filter>
    </None>
    <None Include="CryFX\SketchTerrain.cfx">
      <Filter>CryFX\ForwardShading\Deprecated</Filter>
    </None>
    <None Include="CryFX\Sketch.cfx">
      <Filter>CryFX\ForwardShading\Deprecated</Filter>
    </None>
    <None Include="CryFX\Ping.cfx">
      <Filter>CryFX\ForwardShading\Deprecated</Filter>
    </None>
    <None Include="CryFX\VoxTerrain.cfx">
      <Filter>CryFX\ForwardShading</Filter>
    </None>
    <None Include="..\ParticleImposter.ext">
      <Filter>CryFX\Extensions</Filter>
    </None>
    <None Include="CryFX\ParticleImposter.cfx">
      <Filter>CryFX\Particles</Filter>
    </None>
    <None Include="CryFX\CommonZPrePass.cfi">
      <Filter>CryFX\Include\CommonPasses</Filter>
    </None>
    <None Include="CryFX\LightVolumes.cfi">
      <Filter>CryFX\Include</Filter>
    </None>
    <None Include="CryFX\ParticlesThicknessPass.cfi">
      <Filter>CryFX\Particles\Include</Filter>
    </None>
    <None Include="CryFX\ParticlesCustomPass.cfi">
      <Filter>CryFX\Particles\Include</Filter>
    </None>
    <None Include="CryFX\ParticlesShadowGenPass.cfi">
      <Filter>CryFX\Particles\Include</Filter>
    </None>
    <None Include="CryFX\ParticlesShadowPass.cfi">
      <Filter>CryFX\Particles\Include</Filter>
    </None>
    <None Include="CryFX\WaterCausticsPass.cfi">
      <Filter>CryFX\Effects\Water</Filter>
    </None>
    <None Include="CryFX\CommonViewsPassTess.cfi">
      <Filter>CryFX\Include\CommonPasses</Filter>
    </None>
    <None Include="CryFX\CommonGlowPassTess.cfi">
      <Filter>CryFX\Include\CommonPasses</Filter>
    </None>
    <None Include="CryFX\DeferredSnow.cfx">
      <Filter>CryFX\Deferred</Filter>
    </None>
    <None Include="CryFX\TiledShading.cfi">
      <Filter>CryFX\Include</Filter>
    </None>
    <None Include="CryFX\Total_Illumination.cfx">
      <Filter>CryFX\Misc</Filter>
    </None>
    <None Include="CryFX\GPUParticle.cfi">
      <Filter>CryFX\Particles\GPU</Filter>
    </None>
    <None Include="CryFX\GPUParticleBegin.cfx">
      <Filter>CryFX\Particles\GPU</Filter>
    </None>
    <None Include="CryFX\GPUParticleBitonicSort.cfx">
      <Filter>CryFX\Particles\GPU</Filter>
    </None>
    <None Include="CryFX\GPUParticleCurves.cfi">
      <Filter>CryFX\Particles\GPU</Filter>
    </None>
    <None Include="CryFX\GPUParticleEmit.cfx">
      <Filter>CryFX\Particles\GPU</Filter>
    </None>
    <None Include="CryFX\GPUParticleGatherSortDistance.cfx">
      <Filter>CryFX\Particles\GPU</Filter>
    </None>
    <None Include="CryFX\GPUParticleHelpers.cfi">
      <Filter>CryFX\Particles\GPU</Filter>
    </None>
    <None Include="CryFX\GPUParticleOddEvenSort.cfx">
      <Filter>CryFX\Particles\GPU</Filter>
    </None>
    <None Include="CryFX\GPUParticleRender.cfx">
      <Filter>CryFX\Particles\GPU</Filter>
    </None>
    <None Include="CryFX\GPUParticleUpdate.cfx">
      <Filter>CryFX\Particles\GPU</Filter>
    </None>
    <None Include="CryFX\CommonSVO.cfi">
      <Filter>CryFX\Misc</Filter>
    </None>
    <None Include="CryFX\VolumeLighting.cfi">
      <Filter>CryFX\Include</Filter>
    </None>
    <None Include="CryFX\HDRDolbyMetadataPass0.cfx">
      <Filter>CryFX\PostProcess</Filter>
    </None>
    <None Include="CryFX\HDRDolbyMetadataPass1.cfx">
      <Filter>CryFX\PostProcess</Filter>
    </None>
    <None Include="CryFX\HDRPostProcessDolby.cfi">
      <Filter>CryFX\PostProcess</Filter>
    </None>
  </ItemGroup>
</Project>